
Microsoft Visual Studio Solution File, Format Version 12.00
# Visual Studio Version 16
VisualStudioVersion = 25.0.1703.8
MinimumVisualStudioVersion = 10.0.40219.1
Project("{FAE04EC0-301F-11D3-BF4B-00C04F79EFBC}") = "DesignPattern", "DesignPattern.csproj", "{1EEB7253-157B-4451-96E1-196DA5D22691}"
EndProject
Global
	GlobalSection(SolutionConfigurationPlatforms) = preSolution
		Debug|Any CPU = Debug|Any CPU
		Release|Any CPU = Release|Any CPU
	EndGlobalSection
	GlobalSection(ProjectConfigurationPlatforms) = postSolution
		{1EEB7253-157B-4451-96E1-196DA5D22691}.Debug|Any CPU.ActiveCfg = Debug|Any CPU
		{1EEB7253-157B-4451-96E1-196DA5D22691}.Debug|Any CPU.Build.0 = Debug|Any CPU
		{1EEB7253-157B-4451-96E1-196DA5D22691}.Release|Any CPU.ActiveCfg = Release|Any CPU
		{1EEB7253-157B-4451-96E1-196DA5D22691}.Release|Any CPU.Build.0 = Release|Any CPU
	EndGlobalSection
	GlobalSection(SolutionProperties) = preSolution
		HideSolutionNode = FALSE
	EndGlobalSection
	GlobalSection(ExtensibilityGlobals) = postSolution
		SolutionGuid = {B520BFDB-600E-4DBA-830B-47EE1ECC92A8}
	EndGlobalSection
EndGlobal
